
Microsoft Visual Studio Solution File, Format Version 12.00
# Visual Studio Version 17
VisualStudioVersion = 17.9.34728.123
MinimumVisualStudioVersion = 10.0.40219.1
Project("{FAE04EC0-301F-11D3-BF4B-00C04F79EFBC}") = "Walky.API", "Walky.API\Walky.API.csproj", "{F7855ED5-08E4-4A57-8213-E14EA18F6EDF}"
EndProject
Global
	GlobalSection(SolutionConfigurationPlatforms) = preSolution
		Debug|Any CPU = Debug|Any CPU
		Release|Any CPU = Release|Any CPU
	EndGlobalSection
	GlobalSection(ProjectConfigurationPlatforms) = postSolution
		{F7855ED5-08E4-4A57-8213-E14EA18F6EDF}.Debug|Any CPU.ActiveCfg = Debug|Any CPU
		{F7855ED5-08E4-4A57-8213-E14EA18F6EDF}.Debug|Any CPU.Build.0 = Debug|Any CPU
		{F7855ED5-08E4-4A57-8213-E14EA18F6EDF}.Release|Any CPU.ActiveCfg = Release|Any CPU
		{F7855ED5-08E4-4A57-8213-E14EA18F6EDF}.Release|Any CPU.Build.0 = Release|Any CPU
	EndGlobalSection
	GlobalSection(SolutionProperties) = preSolution
		HideSolutionNode = FALSE
	EndGlobalSection
	GlobalSection(ExtensibilityGlobals) = postSolution
		SolutionGuid = {EAFBF42E-B3F8-4909-B64D-93093E4BDE3A}
	EndGlobalSection
EndGlobal
